// !$*UTF8*$!
{
	archiveVersion = 1;
	classes = {
	};
	objectVersion = 50;
	objects = {

/* Begin PBXBuildFile section */
		572596692543311100E61CFD /* Models.swift in Sources */ = {isa = PBXBuildFile; fileRef = 572596682543311100E61CFD /* Models.swift */; };
		5725966E25435ABC00E61CFD /* Networking.swift in Sources */ = {isa = PBXBuildFile; fileRef = 5725966D25435ABC00E61CFD /* Networking.swift */; };
		572596732544586E00E61CFD /* Constants.swift in Sources */ = {isa = PBXBuildFile; fileRef = 572596722544586E00E61CFD /* Constants.swift */; };
		5725967B2544597100E61CFD /* NetworkingResults.swift in Sources */ = {isa = PBXBuildFile; fileRef = 5725967A2544597100E61CFD /* NetworkingResults.swift */; };
		5725968025445A9500E61CFD /* Protocols.swift in Sources */ = {isa = PBXBuildFile; fileRef = 5725967F25445A9500E61CFD /* Protocols.swift */; };
		572596852544815A00E61CFD /* Reachability.swift in Sources */ = {isa = PBXBuildFile; fileRef = 572596842544815A00E61CFD /* Reachability.swift */; };
		572596932544EA0700E61CFD /* ListRequestHandler.swift in Sources */ = {isa = PBXBuildFile; fileRef = 572596922544EA0700E61CFD /* ListRequestHandler.swift */; };
		572596942544EA0700E61CFD /* ListRequestHandler.swift in Sources */ = {isa = PBXBuildFile; fileRef = 572596922544EA0700E61CFD /* ListRequestHandler.swift */; };
		5751213F25496D190017E0C4 /* PokemonListPresenter.swift in Sources */ = {isa = PBXBuildFile; fileRef = 5751213E25496D190017E0C4 /* PokemonListPresenter.swift */; };
		5751214025496D190017E0C4 /* PokemonListPresenter.swift in Sources */ = {isa = PBXBuildFile; fileRef = 5751213E25496D190017E0C4 /* PokemonListPresenter.swift */; };
		57F411222542CF69000A699B /* AppDelegate.swift in Sources */ = {isa = PBXBuildFile; fileRef = 57F411212542CF69000A699B /* AppDelegate.swift */; };
		57F411242542CF69000A699B /* SceneDelegate.swift in Sources */ = {isa = PBXBuildFile; fileRef = 57F411232542CF69000A699B /* SceneDelegate.swift */; };
		57F411262542CF69000A699B /* ViewController.swift in Sources */ = {isa = PBXBuildFile; fileRef = 57F411252542CF69000A699B /* ViewController.swift */; };
		575E7FEE2546326900C01DE3 /* ListPokemonViewController.swift in Sources */ = {isa = PBXBuildFile; fileRef = 575E7FED2546326900C01DE3 /* ListPokemonViewController.swift */; };
		575E7FF42548B5EB00C01DE3 /* PkemonListTableViewCell.swift in Sources */ = {isa = PBXBuildFile; fileRef = 575E7FF32548B5EB00C01DE3 /* PkemonListTableViewCell.swift */; };
		57F411222542CF69000A699B /* AppDelegate.swift in Sources */ = {isa = PBXBuildFile; fileRef = 57F411212542CF69000A699B /* AppDelegate.swift */; };
		57F411242542CF69000A699B /* SceneDelegate.swift in Sources */ = {isa = PBXBuildFile; fileRef = 57F411232542CF69000A699B /* SceneDelegate.swift */; };
		57F4112B2542CF6C000A699B /* Assets.xcassets in Resources */ = {isa = PBXBuildFile; fileRef = 57F4112A2542CF6C000A699B /* Assets.xcassets */; };
		57F4112E2542CF6C000A699B /* LaunchScreen.storyboard in Resources */ = {isa = PBXBuildFile; fileRef = 57F4112C2542CF6C000A699B /* LaunchScreen.storyboard */; };
		57F411392542CF6C000A699B /* BuddyBankSelectionTests.swift in Sources */ = {isa = PBXBuildFile; fileRef = 57F411382542CF6C000A699B /* BuddyBankSelectionTests.swift */; };
		57F411442542CF6C000A699B /* BuddyBankSelectionUITests.swift in Sources */ = {isa = PBXBuildFile; fileRef = 57F411432542CF6C000A699B /* BuddyBankSelectionUITests.swift */; };
/* End PBXBuildFile section */

/* Begin PBXContainerItemProxy section */
		57F411352542CF6C000A699B /* PBXContainerItemProxy */ = {
			isa = PBXContainerItemProxy;
			containerPortal = 57F411162542CF69000A699B /* Project object */;
			proxyType = 1;
			remoteGlobalIDString = 57F4111D2542CF69000A699B;
			remoteInfo = BuddyBankSelection;
		};
		57F411402542CF6C000A699B /* PBXContainerItemProxy */ = {
			isa = PBXContainerItemProxy;
			containerPortal = 57F411162542CF69000A699B /* Project object */;
			proxyType = 1;
			remoteGlobalIDString = 57F4111D2542CF69000A699B;
			remoteInfo = BuddyBankSelection;
		};
/* End PBXContainerItemProxy section */

/* Begin PBXFileReference section */
		572596682543311100E61CFD /* Models.swift */ = {isa = PBXFileReference; lastKnownFileType = sourcecode.swift; path = Models.swift; sourceTree = "<group>"; };
		5725966D25435ABC00E61CFD /* Networking.swift */ = {isa = PBXFileReference; lastKnownFileType = sourcecode.swift; path = Networking.swift; sourceTree = "<group>"; };
		572596722544586E00E61CFD /* Constants.swift */ = {isa = PBXFileReference; lastKnownFileType = sourcecode.swift; path = Constants.swift; sourceTree = "<group>"; };
		5725967A2544597100E61CFD /* NetworkingResults.swift */ = {isa = PBXFileReference; lastKnownFileType = sourcecode.swift; path = NetworkingResults.swift; sourceTree = "<group>"; };
		5725967F25445A9500E61CFD /* Protocols.swift */ = {isa = PBXFileReference; lastKnownFileType = sourcecode.swift; path = Protocols.swift; sourceTree = "<group>"; };
		572596842544815A00E61CFD /* Reachability.swift */ = {isa = PBXFileReference; lastKnownFileType = sourcecode.swift; path = Reachability.swift; sourceTree = "<group>"; };
		572596922544EA0700E61CFD /* ListRequestHandler.swift */ = {isa = PBXFileReference; lastKnownFileType = sourcecode.swift; path = ListRequestHandler.swift; sourceTree = "<group>"; };
		5751213E25496D190017E0C4 /* PokemonListPresenter.swift */ = {isa = PBXFileReference; lastKnownFileType = sourcecode.swift; path = PokemonListPresenter.swift; sourceTree = "<group>"; };
		57F4111E2542CF69000A699B /* BuddyBankSelection.app */ = {isa = PBXFileReference; explicitFileType = wrapper.application; includeInIndex = 0; path = BuddyBankSelection.app; sourceTree = BUILT_PRODUCTS_DIR; };
		57F411212542CF69000A699B /* AppDelegate.swift */ = {isa = PBXFileReference; lastKnownFileType = sourcecode.swift; path = AppDelegate.swift; sourceTree = "<group>"; };
		57F411232542CF69000A699B /* SceneDelegate.swift */ = {isa = PBXFileReference; lastKnownFileType = sourcecode.swift; path = SceneDelegate.swift; sourceTree = "<group>"; };
		57F411252542CF69000A699B /* ViewController.swift */ = {isa = PBXFileReference; lastKnownFileType = sourcecode.swift; path = ViewController.swift; sourceTree = "<group>"; };
		575E7FED2546326900C01DE3 /* ListPokemonViewController.swift */ = {isa = PBXFileReference; lastKnownFileType = sourcecode.swift; path = ListPokemonViewController.swift; sourceTree = "<group>"; };
		575E7FF32548B5EB00C01DE3 /* PkemonListTableViewCell.swift */ = {isa = PBXFileReference; lastKnownFileType = sourcecode.swift; path = PkemonListTableViewCell.swift; sourceTree = "<group>"; };
		57F4111E2542CF69000A699B /* BuddyBankSelection.app */ = {isa = PBXFileReference; explicitFileType = wrapper.application; includeInIndex = 0; path = BuddyBankSelection.app; sourceTree = BUILT_PRODUCTS_DIR; };
		57F411212542CF69000A699B /* AppDelegate.swift */ = {isa = PBXFileReference; lastKnownFileType = sourcecode.swift; path = AppDelegate.swift; sourceTree = "<group>"; };
		57F411232542CF69000A699B /* SceneDelegate.swift */ = {isa = PBXFileReference; lastKnownFileType = sourcecode.swift; path = SceneDelegate.swift; sourceTree = "<group>"; };
		57F4112A2542CF6C000A699B /* Assets.xcassets */ = {isa = PBXFileReference; lastKnownFileType = folder.assetcatalog; path = Assets.xcassets; sourceTree = "<group>"; };
		57F4112D2542CF6C000A699B /* Base */ = {isa = PBXFileReference; lastKnownFileType = file.storyboard; name = Base; path = Base.lproj/LaunchScreen.storyboard; sourceTree = "<group>"; };
		57F4112F2542CF6C000A699B /* Info.plist */ = {isa = PBXFileReference; lastKnownFileType = text.plist.xml; path = Info.plist; sourceTree = "<group>"; };
		57F411342542CF6C000A699B /* BuddyBankSelectionTests.xctest */ = {isa = PBXFileReference; explicitFileType = wrapper.cfbundle; includeInIndex = 0; path = BuddyBankSelectionTests.xctest; sourceTree = BUILT_PRODUCTS_DIR; };
		57F411382542CF6C000A699B /* BuddyBankSelectionTests.swift */ = {isa = PBXFileReference; lastKnownFileType = sourcecode.swift; path = BuddyBankSelectionTests.swift; sourceTree = "<group>"; };
		57F4113A2542CF6C000A699B /* Info.plist */ = {isa = PBXFileReference; lastKnownFileType = text.plist.xml; path = Info.plist; sourceTree = "<group>"; };
		57F4113F2542CF6C000A699B /* BuddyBankSelectionUITests.xctest */ = {isa = PBXFileReference; explicitFileType = wrapper.cfbundle; includeInIndex = 0; path = BuddyBankSelectionUITests.xctest; sourceTree = BUILT_PRODUCTS_DIR; };
		57F411432542CF6C000A699B /* BuddyBankSelectionUITests.swift */ = {isa = PBXFileReference; lastKnownFileType = sourcecode.swift; path = BuddyBankSelectionUITests.swift; sourceTree = "<group>"; };
		57F411452542CF6C000A699B /* Info.plist */ = {isa = PBXFileReference; lastKnownFileType = text.plist.xml; path = Info.plist; sourceTree = "<group>"; };
/* End PBXFileReference section */

/* Begin PBXFrameworksBuildPhase section */
		57F4111B2542CF69000A699B /* Frameworks */ = {
			isa = PBXFrameworksBuildPhase;
			buildActionMask = 2147483647;
			files = (
			);
			runOnlyForDeploymentPostprocessing = 0;
		};
		57F411312542CF6C000A699B /* Frameworks */ = {
			isa = PBXFrameworksBuildPhase;
			buildActionMask = 2147483647;
			files = (
			);
			runOnlyForDeploymentPostprocessing = 0;
		};
		57F4113C2542CF6C000A699B /* Frameworks */ = {
			isa = PBXFrameworksBuildPhase;
			buildActionMask = 2147483647;
			files = (
			);
			runOnlyForDeploymentPostprocessing = 0;
		};
/* End PBXFrameworksBuildPhase section */

/* Begin PBXGroup section */
		575E7FE025462FE700C01DE3 /* Networking */ = {
			isa = PBXGroup;
			children = (
				5725966D25435ABC00E61CFD /* Networking.swift */,
				5725967A2544597100E61CFD /* NetworkingResults.swift */,
				572596842544815A00E61CFD /* Reachability.swift */,
				572596922544EA0700E61CFD /* ListRequestHandler.swift */,
			);
			path = Networking;
			sourceTree = "<group>";
		};
		57F411152542CF69000A699B = {
			isa = PBXGroup;
			children = (
				57F411202542CF69000A699B /* BuddyBankSelection */,
				57F411372542CF6C000A699B /* BuddyBankSelectionTests */,
				57F411422542CF6C000A699B /* BuddyBankSelectionUITests */,
				57F4111F2542CF69000A699B /* Products */,
			);
			sourceTree = "<group>";
		};
		57F4111F2542CF69000A699B /* Products */ = {
			isa = PBXGroup;
			children = (
				57F4111E2542CF69000A699B /* BuddyBankSelection.app */,
				57F411342542CF6C000A699B /* BuddyBankSelectionTests.xctest */,
				57F4113F2542CF6C000A699B /* BuddyBankSelectionUITests.xctest */,
			);
			name = Products;
			sourceTree = "<group>";
		};
		57F411202542CF69000A699B /* BuddyBankSelection */ = {
			isa = PBXGroup;
			children = (
				57F411212542CF69000A699B /* AppDelegate.swift */,
				57F411232542CF69000A699B /* SceneDelegate.swift */,
				57F411252542CF69000A699B /* ViewController.swift */,
				57F4112A2542CF6C000A699B /* Assets.xcassets */,
				57F4112C2542CF6C000A699B /* LaunchScreen.storyboard */,
				57F4112F2542CF6C000A699B /* Info.plist */,
				572596682543311100E61CFD /* Models.swift */,
				575E7FE025462FE700C01DE3 /* Networking */,
				572596722544586E00E61CFD /* Constants.swift */,
				5725967F25445A9500E61CFD /* Protocols.swift */,
				5751213E25496D190017E0C4 /* PokemonListPresenter.swift */,
				57F4112A2542CF6C000A699B /* Assets.xcassets */,
				57F4112C2542CF6C000A699B /* LaunchScreen.storyboard */,
				57F4112F2542CF6C000A699B /* Info.plist */,
				575E7FED2546326900C01DE3 /* ListPokemonViewController.swift */,
				575E7FF32548B5EB00C01DE3 /* PkemonListTableViewCell.swift */,
			);
			path = BuddyBankSelection;
			sourceTree = "<group>";
		};
		57F411372542CF6C000A699B /* BuddyBankSelectionTests */ = {
			isa = PBXGroup;
			children = (
				57F411382542CF6C000A699B /* BuddyBankSelectionTests.swift */,
				57F4113A2542CF6C000A699B /* Info.plist */,
			);
			path = BuddyBankSelectionTests;
			sourceTree = "<group>";
		};
		57F411422542CF6C000A699B /* BuddyBankSelectionUITests */ = {
			isa = PBXGroup;
			children = (
				57F411432542CF6C000A699B /* BuddyBankSelectionUITests.swift */,
				57F411452542CF6C000A699B /* Info.plist */,
			);
			path = BuddyBankSelectionUITests;
			sourceTree = "<group>";
		};
/* End PBXGroup section */

/* Begin PBXNativeTarget section */
		57F4111D2542CF69000A699B /* BuddyBankSelection */ = {
			isa = PBXNativeTarget;
			buildConfigurationList = 57F411482542CF6C000A699B /* Build configuration list for PBXNativeTarget "BuddyBankSelection" */;
			buildPhases = (
				57F4111A2542CF69000A699B /* Sources */,
				57F4111B2542CF69000A699B /* Frameworks */,
				57F4111C2542CF69000A699B /* Resources */,
			);
			buildRules = (
			);
			dependencies = (
			);
			name = BuddyBankSelection;
			productName = BuddyBankSelection;
			productReference = 57F4111E2542CF69000A699B /* BuddyBankSelection.app */;
			productType = "com.apple.product-type.application";
		};
		57F411332542CF6C000A699B /* BuddyBankSelectionTests */ = {
			isa = PBXNativeTarget;
			buildConfigurationList = 57F4114B2542CF6C000A699B /* Build configuration list for PBXNativeTarget "BuddyBankSelectionTests" */;
			buildPhases = (
				57F411302542CF6C000A699B /* Sources */,
				57F411312542CF6C000A699B /* Frameworks */,
				57F411322542CF6C000A699B /* Resources */,
			);
			buildRules = (
			);
			dependencies = (
				57F411362542CF6C000A699B /* PBXTargetDependency */,
			);
			name = BuddyBankSelectionTests;
			productName = BuddyBankSelectionTests;
			productReference = 57F411342542CF6C000A699B /* BuddyBankSelectionTests.xctest */;
			productType = "com.apple.product-type.bundle.unit-test";
		};
		57F4113E2542CF6C000A699B /* BuddyBankSelectionUITests */ = {
			isa = PBXNativeTarget;
			buildConfigurationList = 57F4114E2542CF6C000A699B /* Build configuration list for PBXNativeTarget "BuddyBankSelectionUITests" */;
			buildPhases = (
				57F4113B2542CF6C000A699B /* Sources */,
				57F4113C2542CF6C000A699B /* Frameworks */,
				57F4113D2542CF6C000A699B /* Resources */,
			);
			buildRules = (
			);
			dependencies = (
				57F411412542CF6C000A699B /* PBXTargetDependency */,
			);
			name = BuddyBankSelectionUITests;
			productName = BuddyBankSelectionUITests;
			productReference = 57F4113F2542CF6C000A699B /* BuddyBankSelectionUITests.xctest */;
			productType = "com.apple.product-type.bundle.ui-testing";
		};
/* End PBXNativeTarget section */

/* Begin PBXProject section */
		57F411162542CF69000A699B /* Project object */ = {
			isa = PBXProject;
			attributes = {
				LastSwiftUpdateCheck = 1210;
				LastUpgradeCheck = 1210;
				TargetAttributes = {
					57F4111D2542CF69000A699B = {
						CreatedOnToolsVersion = 12.1;
					};
					57F411332542CF6C000A699B = {
						CreatedOnToolsVersion = 12.1;
						TestTargetID = 57F4111D2542CF69000A699B;
					};
					57F4113E2542CF6C000A699B = {
						CreatedOnToolsVersion = 12.1;
						TestTargetID = 57F4111D2542CF69000A699B;
					};
				};
			};
			buildConfigurationList = 57F411192542CF69000A699B /* Build configuration list for PBXProject "BuddyBankSelection" */;
			compatibilityVersion = "Xcode 9.3";
			developmentRegion = en;
			hasScannedForEncodings = 0;
			knownRegions = (
				en,
				Base,
			);
			mainGroup = 57F411152542CF69000A699B;
			productRefGroup = 57F4111F2542CF69000A699B /* Products */;
			projectDirPath = "";
			projectRoot = "";
			targets = (
				57F4111D2542CF69000A699B /* BuddyBankSelection */,
				57F411332542CF6C000A699B /* BuddyBankSelectionTests */,
				57F4113E2542CF6C000A699B /* BuddyBankSelectionUITests */,
			);
		};
/* End PBXProject section */

/* Begin PBXResourcesBuildPhase section */
		57F4111C2542CF69000A699B /* Resources */ = {
			isa = PBXResourcesBuildPhase;
			buildActionMask = 2147483647;
			files = (
				57F4112E2542CF6C000A699B /* LaunchScreen.storyboard in Resources */,
				57F4112B2542CF6C000A699B /* Assets.xcassets in Resources */,
			);
			runOnlyForDeploymentPostprocessing = 0;
		};
		57F411322542CF6C000A699B /* Resources */ = {
			isa = PBXResourcesBuildPhase;
			buildActionMask = 2147483647;
			files = (
			);
			runOnlyForDeploymentPostprocessing = 0;
		};
		57F4113D2542CF6C000A699B /* Resources */ = {
			isa = PBXResourcesBuildPhase;
			buildActionMask = 2147483647;
			files = (
			);
			runOnlyForDeploymentPostprocessing = 0;
		};
/* End PBXResourcesBuildPhase section */

/* Begin PBXSourcesBuildPhase section */
		57F4111A2542CF69000A699B /* Sources */ = {
			isa = PBXSourcesBuildPhase;
			buildActionMask = 2147483647;
			files = (
				57F411262542CF69000A699B /* ViewController.swift in Sources */,
				572596732544586E00E61CFD /* Constants.swift in Sources */,
				572596932544EA0700E61CFD /* ListRequestHandler.swift in Sources */,
				5751213F25496D190017E0C4 /* PokemonListPresenter.swift in Sources */,
				5725967B2544597100E61CFD /* NetworkingResults.swift in Sources */,
				5725966E25435ABC00E61CFD /* Networking.swift in Sources */,
				575E7FEE2546326900C01DE3 /* ListPokemonViewController.swift in Sources */,
				575E7FF42548B5EB00C01DE3 /* PkemonListTableViewCell.swift in Sources */,
				57F411222542CF69000A699B /* AppDelegate.swift in Sources */,
				572596852544815A00E61CFD /* Reachability.swift in Sources */,
				572596692543311100E61CFD /* Models.swift in Sources */,
				57F411242542CF69000A699B /* SceneDelegate.swift in Sources */,
				5725968025445A9500E61CFD /* Protocols.swift in Sources */,
			);
			runOnlyForDeploymentPostprocessing = 0;
		};
		57F411302542CF6C000A699B /* Sources */ = {
			isa = PBXSourcesBuildPhase;
			buildActionMask = 2147483647;
			files = (
				5751214025496D190017E0C4 /* PokemonListPresenter.swift in Sources */,
				572596942544EA0700E61CFD /* ListRequestHandler.swift in Sources */,
				57F411392542CF6C000A699B /* BuddyBankSelectionTests.swift in Sources */,
			);
			runOnlyForDeploymentPostprocessing = 0;
		};
		57F4113B2542CF6C000A699B /* Sources */ = {
			isa = PBXSourcesBuildPhase;
			buildActionMask = 2147483647;
			files = (
				57F411442542CF6C000A699B /* BuddyBankSelectionUITests.swift in Sources */,
			);
			runOnlyForDeploymentPostprocessing = 0;
		};
/* End PBXSourcesBuildPhase section */

/* Begin PBXTargetDependency section */
		57F411362542CF6C000A699B /* PBXTargetDependency */ = {
			isa = PBXTargetDependency;
			target = 57F4111D2542CF69000A699B /* BuddyBankSelection */;
			targetProxy = 57F411352542CF6C000A699B /* PBXContainerItemProxy */;
		};
		57F411412542CF6C000A699B /* PBXTargetDependency */ = {
			isa = PBXTargetDependency;
			target = 57F4111D2542CF69000A699B /* BuddyBankSelection */;
			targetProxy = 57F411402542CF6C000A699B /* PBXContainerItemProxy */;
		};
/* End PBXTargetDependency section */

/* Begin PBXVariantGroup section */
		57F4112C2542CF6C000A699B /* LaunchScreen.storyboard */ = {
			isa = PBXVariantGroup;
			children = (
				57F4112D2542CF6C000A699B /* Base */,
			);
			name = LaunchScreen.storyboard;
			sourceTree = "<group>";
		};
/* End PBXVariantGroup section */

/* Begin XCBuildConfiguration section */
		57F411462542CF6C000A699B /* Debug */ = {
			isa = XCBuildConfiguration;
			buildSettings = {
				ALWAYS_SEARCH_USER_PATHS = NO;
				CLANG_ANALYZER_NONNULL = YES;
				CLANG_ANALYZER_NUMBER_OBJECT_CONVERSION = YES_AGGRESSIVE;
				CLANG_CXX_LANGUAGE_STANDARD = "gnu++14";
				CLANG_CXX_LIBRARY = "libc++";
				CLANG_ENABLE_MODULES = YES;
				CLANG_ENABLE_OBJC_ARC = YES;
				CLANG_ENABLE_OBJC_WEAK = YES;
				CLANG_WARN_BLOCK_CAPTURE_AUTORELEASING = YES;
				CLANG_WARN_BOOL_CONVERSION = YES;
				CLANG_WARN_COMMA = YES;
				CLANG_WARN_CONSTANT_CONVERSION = YES;
				CLANG_WARN_DEPRECATED_OBJC_IMPLEMENTATIONS = YES;
				CLANG_WARN_DIRECT_OBJC_ISA_USAGE = YES_ERROR;
				CLANG_WARN_DOCUMENTATION_COMMENTS = YES;
				CLANG_WARN_EMPTY_BODY = YES;
				CLANG_WARN_ENUM_CONVERSION = YES;
				CLANG_WARN_INFINITE_RECURSION = YES;
				CLANG_WARN_INT_CONVERSION = YES;
				CLANG_WARN_NON_LITERAL_NULL_CONVERSION = YES;
				CLANG_WARN_OBJC_IMPLICIT_RETAIN_SELF = YES;
				CLANG_WARN_OBJC_LITERAL_CONVERSION = YES;
				CLANG_WARN_OBJC_ROOT_CLASS = YES_ERROR;
				CLANG_WARN_QUOTED_INCLUDE_IN_FRAMEWORK_HEADER = YES;
				CLANG_WARN_RANGE_LOOP_ANALYSIS = YES;
				CLANG_WARN_STRICT_PROTOTYPES = YES;
				CLANG_WARN_SUSPICIOUS_MOVE = YES;
				CLANG_WARN_UNGUARDED_AVAILABILITY = YES_AGGRESSIVE;
				CLANG_WARN_UNREACHABLE_CODE = YES;
				CLANG_WARN__DUPLICATE_METHOD_MATCH = YES;
				COPY_PHASE_STRIP = NO;
				DEBUG_INFORMATION_FORMAT = dwarf;
				ENABLE_STRICT_OBJC_MSGSEND = YES;
				ENABLE_TESTABILITY = YES;
				GCC_C_LANGUAGE_STANDARD = gnu11;
				GCC_DYNAMIC_NO_PIC = NO;
				GCC_NO_COMMON_BLOCKS = YES;
				GCC_OPTIMIZATION_LEVEL = 0;
				GCC_PREPROCESSOR_DEFINITIONS = (
					"DEBUG=1",
					"$(inherited)",
				);
				GCC_WARN_64_TO_32_BIT_CONVERSION = YES;
				GCC_WARN_ABOUT_RETURN_TYPE = YES_ERROR;
				GCC_WARN_UNDECLARED_SELECTOR = YES;
				GCC_WARN_UNINITIALIZED_AUTOS = YES_AGGRESSIVE;
				GCC_WARN_UNUSED_FUNCTION = YES;
				GCC_WARN_UNUSED_VARIABLE = YES;
				IPHONEOS_DEPLOYMENT_TARGET = 14.1;
				MTL_ENABLE_DEBUG_INFO = INCLUDE_SOURCE;
				MTL_FAST_MATH = YES;
				ONLY_ACTIVE_ARCH = YES;
				SDKROOT = iphoneos;
				SWIFT_ACTIVE_COMPILATION_CONDITIONS = DEBUG;
				SWIFT_OPTIMIZATION_LEVEL = "-Onone";
			};
			name = Debug;
		};
		57F411472542CF6C000A699B /* Release */ = {
			isa = XCBuildConfiguration;
			buildSettings = {
				ALWAYS_SEARCH_USER_PATHS = NO;
				CLANG_ANALYZER_NONNULL = YES;
				CLANG_ANALYZER_NUMBER_OBJECT_CONVERSION = YES_AGGRESSIVE;
				CLANG_CXX_LANGUAGE_STANDARD = "gnu++14";
				CLANG_CXX_LIBRARY = "libc++";
				CLANG_ENABLE_MODULES = YES;
				CLANG_ENABLE_OBJC_ARC = YES;
				CLANG_ENABLE_OBJC_WEAK = YES;
				CLANG_WARN_BLOCK_CAPTURE_AUTORELEASING = YES;
				CLANG_WARN_BOOL_CONVERSION = YES;
				CLANG_WARN_COMMA = YES;
				CLANG_WARN_CONSTANT_CONVERSION = YES;
				CLANG_WARN_DEPRECATED_OBJC_IMPLEMENTATIONS = YES;
				CLANG_WARN_DIRECT_OBJC_ISA_USAGE = YES_ERROR;
				CLANG_WARN_DOCUMENTATION_COMMENTS = YES;
				CLANG_WARN_EMPTY_BODY = YES;
				CLANG_WARN_ENUM_CONVERSION = YES;
				CLANG_WARN_INFINITE_RECURSION = YES;
				CLANG_WARN_INT_CONVERSION = YES;
				CLANG_WARN_NON_LITERAL_NULL_CONVERSION = YES;
				CLANG_WARN_OBJC_IMPLICIT_RETAIN_SELF = YES;
				CLANG_WARN_OBJC_LITERAL_CONVERSION = YES;
				CLANG_WARN_OBJC_ROOT_CLASS = YES_ERROR;
				CLANG_WARN_QUOTED_INCLUDE_IN_FRAMEWORK_HEADER = YES;
				CLANG_WARN_RANGE_LOOP_ANALYSIS = YES;
				CLANG_WARN_STRICT_PROTOTYPES = YES;
				CLANG_WARN_SUSPICIOUS_MOVE = YES;
				CLANG_WARN_UNGUARDED_AVAILABILITY = YES_AGGRESSIVE;
				CLANG_WARN_UNREACHABLE_CODE = YES;
				CLANG_WARN__DUPLICATE_METHOD_MATCH = YES;
				COPY_PHASE_STRIP = NO;
				DEBUG_INFORMATION_FORMAT = "dwarf-with-dsym";
				ENABLE_NS_ASSERTIONS = NO;
				ENABLE_STRICT_OBJC_MSGSEND = YES;
				GCC_C_LANGUAGE_STANDARD = gnu11;
				GCC_NO_COMMON_BLOCKS = YES;
				GCC_WARN_64_TO_32_BIT_CONVERSION = YES;
				GCC_WARN_ABOUT_RETURN_TYPE = YES_ERROR;
				GCC_WARN_UNDECLARED_SELECTOR = YES;
				GCC_WARN_UNINITIALIZED_AUTOS = YES_AGGRESSIVE;
				GCC_WARN_UNUSED_FUNCTION = YES;
				GCC_WARN_UNUSED_VARIABLE = YES;
				IPHONEOS_DEPLOYMENT_TARGET = 14.1;
				MTL_ENABLE_DEBUG_INFO = NO;
				MTL_FAST_MATH = YES;
				SDKROOT = iphoneos;
				SWIFT_COMPILATION_MODE = wholemodule;
				SWIFT_OPTIMIZATION_LEVEL = "-O";
				VALIDATE_PRODUCT = YES;
			};
			name = Release;
		};
		57F411492542CF6C000A699B /* Debug */ = {
			isa = XCBuildConfiguration;
			buildSettings = {
				ASSETCATALOG_COMPILER_APPICON_NAME = AppIcon;
				ASSETCATALOG_COMPILER_GLOBAL_ACCENT_COLOR_NAME = AccentColor;
				CODE_SIGN_STYLE = Automatic;
				DEVELOPMENT_TEAM = KCCZ4PVUZS;
				INFOPLIST_FILE = BuddyBankSelection/Info.plist;
				LD_RUNPATH_SEARCH_PATHS = (
					"$(inherited)",
					"@executable_path/Frameworks",
				);
				PRODUCT_BUNDLE_IDENTIFIER = tara.BuddyBankSelection;
				PRODUCT_NAME = "$(TARGET_NAME)";
				SWIFT_VERSION = 5.0;
				TARGETED_DEVICE_FAMILY = "1,2";
			};
			name = Debug;
		};
		57F4114A2542CF6C000A699B /* Release */ = {
			isa = XCBuildConfiguration;
			buildSettings = {
				ASSETCATALOG_COMPILER_APPICON_NAME = AppIcon;
				ASSETCATALOG_COMPILER_GLOBAL_ACCENT_COLOR_NAME = AccentColor;
				CODE_SIGN_STYLE = Automatic;
				DEVELOPMENT_TEAM = KCCZ4PVUZS;
				INFOPLIST_FILE = BuddyBankSelection/Info.plist;
				LD_RUNPATH_SEARCH_PATHS = (
					"$(inherited)",
					"@executable_path/Frameworks",
				);
				PRODUCT_BUNDLE_IDENTIFIER = tara.BuddyBankSelection;
				PRODUCT_NAME = "$(TARGET_NAME)";
				SWIFT_VERSION = 5.0;
				TARGETED_DEVICE_FAMILY = "1,2";
			};
			name = Release;
		};
		57F4114C2542CF6C000A699B /* Debug */ = {
			isa = XCBuildConfiguration;
			buildSettings = {
				ALWAYS_EMBED_SWIFT_STANDARD_LIBRARIES = YES;
				BUNDLE_LOADER = "$(TEST_HOST)";
				CODE_SIGN_STYLE = Automatic;
				DEVELOPMENT_TEAM = KCCZ4PVUZS;
				INFOPLIST_FILE = BuddyBankSelectionTests/Info.plist;
				IPHONEOS_DEPLOYMENT_TARGET = 14.1;
				LD_RUNPATH_SEARCH_PATHS = (
					"$(inherited)",
					"@executable_path/Frameworks",
					"@loader_path/Frameworks",
				);
				PRODUCT_BUNDLE_IDENTIFIER = tara.BuddyBankSelectionTests;
				PRODUCT_NAME = "$(TARGET_NAME)";
				SWIFT_VERSION = 5.0;
				TARGETED_DEVICE_FAMILY = "1,2";
				TEST_HOST = "$(BUILT_PRODUCTS_DIR)/BuddyBankSelection.app/BuddyBankSelection";
			};
			name = Debug;
		};
		57F4114D2542CF6C000A699B /* Release */ = {
			isa = XCBuildConfiguration;
			buildSettings = {
				ALWAYS_EMBED_SWIFT_STANDARD_LIBRARIES = YES;
				BUNDLE_LOADER = "$(TEST_HOST)";
				CODE_SIGN_STYLE = Automatic;
				DEVELOPMENT_TEAM = KCCZ4PVUZS;
				INFOPLIST_FILE = BuddyBankSelectionTests/Info.plist;
				IPHONEOS_DEPLOYMENT_TARGET = 14.1;
				LD_RUNPATH_SEARCH_PATHS = (
					"$(inherited)",
					"@executable_path/Frameworks",
					"@loader_path/Frameworks",
				);
				PRODUCT_BUNDLE_IDENTIFIER = tara.BuddyBankSelectionTests;
				PRODUCT_NAME = "$(TARGET_NAME)";
				SWIFT_VERSION = 5.0;
				TARGETED_DEVICE_FAMILY = "1,2";
				TEST_HOST = "$(BUILT_PRODUCTS_DIR)/BuddyBankSelection.app/BuddyBankSelection";
			};
			name = Release;
		};
		57F4114F2542CF6C000A699B /* Debug */ = {
			isa = XCBuildConfiguration;
			buildSettings = {
				ALWAYS_EMBED_SWIFT_STANDARD_LIBRARIES = YES;
				CODE_SIGN_STYLE = Automatic;
				DEVELOPMENT_TEAM = KCCZ4PVUZS;
				INFOPLIST_FILE = BuddyBankSelectionUITests/Info.plist;
				LD_RUNPATH_SEARCH_PATHS = (
					"$(inherited)",
					"@executable_path/Frameworks",
					"@loader_path/Frameworks",
				);
				PRODUCT_BUNDLE_IDENTIFIER = tara.BuddyBankSelectionUITests;
				PRODUCT_NAME = "$(TARGET_NAME)";
				SWIFT_VERSION = 5.0;
				TARGETED_DEVICE_FAMILY = "1,2";
				TEST_TARGET_NAME = BuddyBankSelection;
			};
			name = Debug;
		};
		57F411502542CF6C000A699B /* Release */ = {
			isa = XCBuildConfiguration;
			buildSettings = {
				ALWAYS_EMBED_SWIFT_STANDARD_LIBRARIES = YES;
				CODE_SIGN_STYLE = Automatic;
				DEVELOPMENT_TEAM = KCCZ4PVUZS;
				INFOPLIST_FILE = BuddyBankSelectionUITests/Info.plist;
				LD_RUNPATH_SEARCH_PATHS = (
					"$(inherited)",
					"@executable_path/Frameworks",
					"@loader_path/Frameworks",
				);
				PRODUCT_BUNDLE_IDENTIFIER = tara.BuddyBankSelectionUITests;
				PRODUCT_NAME = "$(TARGET_NAME)";
				SWIFT_VERSION = 5.0;
				TARGETED_DEVICE_FAMILY = "1,2";
				TEST_TARGET_NAME = BuddyBankSelection;
			};
			name = Release;
		};
/* End XCBuildConfiguration section */

/* Begin XCConfigurationList section */
		57F411192542CF69000A699B /* Build configuration list for PBXProject "BuddyBankSelection" */ = {
			isa = XCConfigurationList;
			buildConfigurations = (
				57F411462542CF6C000A699B /* Debug */,
				57F411472542CF6C000A699B /* Release */,
			);
			defaultConfigurationIsVisible = 0;
			defaultConfigurationName = Release;
		};
		57F411482542CF6C000A699B /* Build configuration list for PBXNativeTarget "BuddyBankSelection" */ = {
			isa = XCConfigurationList;
			buildConfigurations = (
				57F411492542CF6C000A699B /* Debug */,
				57F4114A2542CF6C000A699B /* Release */,
			);
			defaultConfigurationIsVisible = 0;
			defaultConfigurationName = Release;
		};
		57F4114B2542CF6C000A699B /* Build configuration list for PBXNativeTarget "BuddyBankSelectionTests" */ = {
			isa = XCConfigurationList;
			buildConfigurations = (
				57F4114C2542CF6C000A699B /* Debug */,
				57F4114D2542CF6C000A699B /* Release */,
			);
			defaultConfigurationIsVisible = 0;
			defaultConfigurationName = Release;
		};
		57F4114E2542CF6C000A699B /* Build configuration list for PBXNativeTarget "BuddyBankSelectionUITests" */ = {
			isa = XCConfigurationList;
			buildConfigurations = (
				57F4114F2542CF6C000A699B /* Debug */,
				57F411502542CF6C000A699B /* Release */,
			);
			defaultConfigurationIsVisible = 0;
			defaultConfigurationName = Release;
		};
/* End XCConfigurationList section */
	};
	rootObject = 57F411162542CF69000A699B /* Project object */;
}
